
Microsoft Visual Studio Solution File, Format Version 12.00
# Visual Studio Version 17
VisualStudioVersion = 17.4.33213.308
MinimumVisualStudioVersion = 10.0.40219.1
Project("{FAE04EC0-301F-11D3-BF4B-00C04F79EFBC}") = "Hotel", "Hotel\Hotel.csproj", "{8CEA9257-A74F-4338-BBDF-269A4E7EC298}"
EndProject
Global
	GlobalSection(SolutionConfigurationPlatforms) = preSolution
		Debug|Any CPU = Debug|Any CPU
		Release|Any CPU = Release|Any CPU
	EndGlobalSection
	GlobalSection(ProjectConfigurationPlatforms) = postSolution
		{8CEA9257-A74F-4338-BBDF-269A4E7EC298}.Debug|Any CPU.ActiveCfg = Debug|Any CPU
		{8CEA9257-A74F-4338-BBDF-269A4E7EC298}.Debug|Any CPU.Build.0 = Debug|Any CPU
		{8CEA9257-A74F-4338-BBDF-269A4E7EC298}.Release|Any CPU.ActiveCfg = Release|Any CPU
		{8CEA9257-A74F-4338-BBDF-269A4E7EC298}.Release|Any CPU.Build.0 = Release|Any CPU
	EndGlobalSection
	GlobalSection(SolutionProperties) = preSolution
		HideSolutionNode = FALSE
	EndGlobalSection
	GlobalSection(ExtensibilityGlobals) = postSolution
		SolutionGuid = {D31589DB-7AB3-4A4C-9F94-CC1CFDD3E4F1}
	EndGlobalSection
EndGlobal
